
Microsoft Visual Studio Solution File, Format Version 12.00
# Visual Studio Version 17
VisualStudioVersion = 17.13.36105.23
MinimumVisualStudioVersion = 10.0.40219.1
Project("{2150E333-8FDC-42A3-9474-1A3956D46DE8}") = "Infrastructure", "Infrastructure", "{E800BE67-00FE-4C05-9F0F-640DC7134E7D}"
EndProject
Project("{FAE04EC0-301F-11D3-BF4B-00C04F79EFBC}") = "CSharpGL", "CSharpGL\CSharpGL.csproj", "{A03CFFFF-433C-4A6E-8BD1-3A60EF9817A5}"
EndProject
Project("{FAE04EC0-301F-11D3-BF4B-00C04F79EFBC}") = "CSharpGL.Windows", "CSharpGL.Windows\CSharpGL.Windows.csproj", "{704921FB-E30A-4C8A-BC73-F343AB2EB690}"
EndProject
Project("{FAE04EC0-301F-11D3-BF4B-00C04F79EFBC}") = "CSharpGL.Models", "CSharpGL.Models\CSharpGL.Models.csproj", "{89E47F73-6C27-222D-87D7-6D2366C4C3D0}"
EndProject
Project("{FAE04EC0-301F-11D3-BF4B-00C04F79EFBC}") = "SoftGLImpl", "SoftGLImpl\SoftGLImpl.csproj", "{76246C25-A99E-A50F-3C69-04146D69694C}"
EndProject
Project("{FAE04EC0-301F-11D3-BF4B-00C04F79EFBC}") = "CSharpGL.SoftGL", "CSharpGL.SoftGL\CSharpGL.SoftGL.csproj", "{3F9FE4AF-9299-01FE-8AA5-9FFFFEE01F0A}"
EndProject
Project("{FAE04EC0-301F-11D3-BF4B-00C04F79EFBC}") = "demos.OpenGLviaCSharp", "demos.OpenGLviaCSharp\demos.OpenGLviaCSharp.csproj", "{5EA0088A-9B05-49DA-7DEA-C4D020C3828F}"
EndProject
Project("{FAE04EC0-301F-11D3-BF4B-00C04F79EFBC}") = "demos.glSuperBible7code", "demos.glSuperBible7code\demos.glSuperBible7code.csproj", "{2D5A8581-B819-6BD9-6443-AC2BBF95BE48}"
EndProject
Project("{FAE04EC0-301F-11D3-BF4B-00C04F79EFBC}") = "demos.glGuide8code", "demos.glGuide8code\demos.glGuide8code.csproj", "{8F0B49D6-FFEA-706C-0798-C4155B3FBEB1}"
EndProject
Project("{FAE04EC0-301F-11D3-BF4B-00C04F79EFBC}") = "demos.glGuide7code", "demos.glGuide7code\demos.glGuide7code.csproj", "{B92A7DB1-8698-739C-9EE1-D226BC2E35D7}"
EndProject
Project("{FAE04EC0-301F-11D3-BF4B-00C04F79EFBC}") = "demos.anything", "demos.anything\demos.anything.csproj", "{4ECA8F63-D330-F249-26E8-BD5DDD7955F4}"
EndProject
Project("{FAE04EC0-301F-11D3-BF4B-00C04F79EFBC}") = "GLInfo", "Infrastructure\GLInfo\GLInfo.csproj", "{3A8D2C13-59E5-F3B4-B7F5-9FD53680951E}"
EndProject
Project("{FAE04EC0-301F-11D3-BF4B-00C04F79EFBC}") = "ShaderProgramErrorInfo", "Infrastructure\ShaderProgramErrorInfo\ShaderProgramErrorInfo.csproj", "{24AB6A7B-F10C-58C0-FC72-3553289751C2}"
EndProject
Project("{FAE04EC0-301F-11D3-BF4B-00C04F79EFBC}") = "TestBresenham", "Infrastructure\TestBresenham\TestBresenham.csproj", "{165FDB5E-6D84-EF4A-3498-F06C8F17D423}"
EndProject
Project("{FAE04EC0-301F-11D3-BF4B-00C04F79EFBC}") = "Compare2Files", "Infrastructure\Compare2Files\Compare2Files.csproj", "{16833A1F-69C5-4762-89C9-764E1F6919B9}"
EndProject
Project("{FAE04EC0-301F-11D3-BF4B-00C04F79EFBC}") = "MergePictures", "Infrastructure\MergePictures\MergePictures.csproj", "{8957A1B8-AF31-48CC-8408-A7CD6C43A1F0}"
EndProject
Project("{FAE04EC0-301F-11D3-BF4B-00C04F79EFBC}") = "MipmapGenerator", "Infrastructure\MipmapGenerator\MipmapGenerator.csproj", "{161B00AF-EEF4-4752-A43C-EA2413734E50}"
EndProject
Project("{2150E333-8FDC-42A3-9474-1A3956D46DE8}") = "Import3D", "Import3D", "{02EA681E-C7D8-13C7-8484-4AC65E1B71E8}"
EndProject
Project("{FAE04EC0-301F-11D3-BF4B-00C04F79EFBC}") = "Import3D", "Infrastructure\Import3D\Import3D\Import3D.csproj", "{F3C3BFF4-F9E3-719E-9E1B-6B3C26B672F6}"
EndProject
Project("{FAE04EC0-301F-11D3-BF4B-00C04F79EFBC}") = "Import3D.Obj", "Infrastructure\Import3D\Import3D.Obj\Import3D.Obj.csproj", "{223BFFD8-09E4-9E29-C943-E7DB649E4D9C}"
EndProject
Project("{FAE04EC0-301F-11D3-BF4B-00C04F79EFBC}") = "TestForm", "Infrastructure\Import3D\TestForm\TestForm.csproj", "{BA4F3875-8429-B698-6209-FEAE7154CEC4}"
EndProject
Global
	GlobalSection(SolutionConfigurationPlatforms) = preSolution
		Debug|Any CPU = Debug|Any CPU
		Release|Any CPU = Release|Any CPU
	EndGlobalSection
	GlobalSection(ProjectConfigurationPlatforms) = postSolution
		{A03CFFFF-433C-4A6E-8BD1-3A60EF9817A5}.Debug|Any CPU.ActiveCfg = Debug|Any CPU
		{A03CFFFF-433C-4A6E-8BD1-3A60EF9817A5}.Debug|Any CPU.Build.0 = Debug|Any CPU
		{A03CFFFF-433C-4A6E-8BD1-3A60EF9817A5}.Release|Any CPU.ActiveCfg = Release|Any CPU
		{A03CFFFF-433C-4A6E-8BD1-3A60EF9817A5}.Release|Any CPU.Build.0 = Release|Any CPU
		{704921FB-E30A-4C8A-BC73-F343AB2EB690}.Debug|Any CPU.ActiveCfg = Debug|Any CPU
		{704921FB-E30A-4C8A-BC73-F343AB2EB690}.Debug|Any CPU.Build.0 = Debug|Any CPU
		{704921FB-E30A-4C8A-BC73-F343AB2EB690}.Release|Any CPU.ActiveCfg = Release|Any CPU
		{704921FB-E30A-4C8A-BC73-F343AB2EB690}.Release|Any CPU.Build.0 = Release|Any CPU
		{89E47F73-6C27-222D-87D7-6D2366C4C3D0}.Debug|Any CPU.ActiveCfg = Debug|Any CPU
		{89E47F73-6C27-222D-87D7-6D2366C4C3D0}.Debug|Any CPU.Build.0 = Debug|Any CPU
		{89E47F73-6C27-222D-87D7-6D2366C4C3D0}.Release|Any CPU.ActiveCfg = Release|Any CPU
		{89E47F73-6C27-222D-87D7-6D2366C4C3D0}.Release|Any CPU.Build.0 = Release|Any CPU
		{76246C25-A99E-A50F-3C69-04146D69694C}.Debug|Any CPU.ActiveCfg = Debug|Any CPU
		{76246C25-A99E-A50F-3C69-04146D69694C}.Debug|Any CPU.Build.0 = Debug|Any CPU
		{76246C25-A99E-A50F-3C69-04146D69694C}.Release|Any CPU.ActiveCfg = Release|Any CPU
		{76246C25-A99E-A50F-3C69-04146D69694C}.Release|Any CPU.Build.0 = Release|Any CPU
		{3F9FE4AF-9299-01FE-8AA5-9FFFFEE01F0A}.Debug|Any CPU.ActiveCfg = Debug|Any CPU
		{3F9FE4AF-9299-01FE-8AA5-9FFFFEE01F0A}.Debug|Any CPU.Build.0 = Debug|Any CPU
		{3F9FE4AF-9299-01FE-8AA5-9FFFFEE01F0A}.Release|Any CPU.ActiveCfg = Release|Any CPU
		{3F9FE4AF-9299-01FE-8AA5-9FFFFEE01F0A}.Release|Any CPU.Build.0 = Release|Any CPU
		{5EA0088A-9B05-49DA-7DEA-C4D020C3828F}.Debug|Any CPU.ActiveCfg = Debug|Any CPU
		{5EA0088A-9B05-49DA-7DEA-C4D020C3828F}.Debug|Any CPU.Build.0 = Debug|Any CPU
		{5EA0088A-9B05-49DA-7DEA-C4D020C3828F}.Release|Any CPU.ActiveCfg = Release|Any CPU
		{5EA0088A-9B05-49DA-7DEA-C4D020C3828F}.Release|Any CPU.Build.0 = Release|Any CPU
		{2D5A8581-B819-6BD9-6443-AC2BBF95BE48}.Debug|Any CPU.ActiveCfg = Debug|Any CPU
		{2D5A8581-B819-6BD9-6443-AC2BBF95BE48}.Debug|Any CPU.Build.0 = Debug|Any CPU
		{2D5A8581-B819-6BD9-6443-AC2BBF95BE48}.Release|Any CPU.ActiveCfg = Release|Any CPU
		{2D5A8581-B819-6BD9-6443-AC2BBF95BE48}.Release|Any CPU.Build.0 = Release|Any CPU
		{8F0B49D6-FFEA-706C-0798-C4155B3FBEB1}.Debug|Any CPU.ActiveCfg = Debug|Any CPU
		{8F0B49D6-FFEA-706C-0798-C4155B3FBEB1}.Debug|Any CPU.Build.0 = Debug|Any CPU
		{8F0B49D6-FFEA-706C-0798-C4155B3FBEB1}.Release|Any CPU.ActiveCfg = Release|Any CPU
		{8F0B49D6-FFEA-706C-0798-C4155B3FBEB1}.Release|Any CPU.Build.0 = Release|Any CPU
		{B92A7DB1-8698-739C-9EE1-D226BC2E35D7}.Debug|Any CPU.ActiveCfg = Debug|Any CPU
		{B92A7DB1-8698-739C-9EE1-D226BC2E35D7}.Debug|Any CPU.Build.0 = Debug|Any CPU
		{B92A7DB1-8698-739C-9EE1-D226BC2E35D7}.Release|Any CPU.ActiveCfg = Release|Any CPU
		{B92A7DB1-8698-739C-9EE1-D226BC2E35D7}.Release|Any CPU.Build.0 = Release|Any CPU
		{4ECA8F63-D330-F249-26E8-BD5DDD7955F4}.Debug|Any CPU.ActiveCfg = Debug|Any CPU
		{4ECA8F63-D330-F249-26E8-BD5DDD7955F4}.Debug|Any CPU.Build.0 = Debug|Any CPU
		{4ECA8F63-D330-F249-26E8-BD5DDD7955F4}.Release|Any CPU.ActiveCfg = Release|Any CPU
		{4ECA8F63-D330-F249-26E8-BD5DDD7955F4}.Release|Any CPU.Build.0 = Release|Any CPU
		{3A8D2C13-59E5-F3B4-B7F5-9FD53680951E}.Debug|Any CPU.ActiveCfg = Debug|Any CPU
		{3A8D2C13-59E5-F3B4-B7F5-9FD53680951E}.Debug|Any CPU.Build.0 = Debug|Any CPU
		{3A8D2C13-59E5-F3B4-B7F5-9FD53680951E}.Release|Any CPU.ActiveCfg = Release|Any CPU
		{3A8D2C13-59E5-F3B4-B7F5-9FD53680951E}.Release|Any CPU.Build.0 = Release|Any CPU
		{24AB6A7B-F10C-58C0-FC72-3553289751C2}.Debug|Any CPU.ActiveCfg = Debug|Any CPU
		{24AB6A7B-F10C-58C0-FC72-3553289751C2}.Debug|Any CPU.Build.0 = Debug|Any CPU
		{24AB6A7B-F10C-58C0-FC72-3553289751C2}.Release|Any CPU.ActiveCfg = Release|Any CPU
		{24AB6A7B-F10C-58C0-FC72-3553289751C2}.Release|Any CPU.Build.0 = Release|Any CPU
		{165FDB5E-6D84-EF4A-3498-F06C8F17D423}.Debug|Any CPU.ActiveCfg = Debug|Any CPU
		{165FDB5E-6D84-EF4A-3498-F06C8F17D423}.Debug|Any CPU.Build.0 = Debug|Any CPU
		{165FDB5E-6D84-EF4A-3498-F06C8F17D423}.Release|Any CPU.ActiveCfg = Release|Any CPU
		{165FDB5E-6D84-EF4A-3498-F06C8F17D423}.Release|Any CPU.Build.0 = Release|Any CPU
		{16833A1F-69C5-4762-89C9-764E1F6919B9}.Debug|Any CPU.ActiveCfg = Debug|Any CPU
		{16833A1F-69C5-4762-89C9-764E1F6919B9}.Debug|Any CPU.Build.0 = Debug|Any CPU
		{16833A1F-69C5-4762-89C9-764E1F6919B9}.Release|Any CPU.ActiveCfg = Release|Any CPU
		{16833A1F-69C5-4762-89C9-764E1F6919B9}.Release|Any CPU.Build.0 = Release|Any CPU
		{8957A1B8-AF31-48CC-8408-A7CD6C43A1F0}.Debug|Any CPU.ActiveCfg = Debug|Any CPU
		{8957A1B8-AF31-48CC-8408-A7CD6C43A1F0}.Debug|Any CPU.Build.0 = Debug|Any CPU
		{8957A1B8-AF31-48CC-8408-A7CD6C43A1F0}.Release|Any CPU.ActiveCfg = Release|Any CPU
		{8957A1B8-AF31-48CC-8408-A7CD6C43A1F0}.Release|Any CPU.Build.0 = Release|Any CPU
		{161B00AF-EEF4-4752-A43C-EA2413734E50}.Debug|Any CPU.ActiveCfg = Debug|Any CPU
		{161B00AF-EEF4-4752-A43C-EA2413734E50}.Debug|Any CPU.Build.0 = Debug|Any CPU
		{161B00AF-EEF4-4752-A43C-EA2413734E50}.Release|Any CPU.ActiveCfg = Release|Any CPU
		{161B00AF-EEF4-4752-A43C-EA2413734E50}.Release|Any CPU.Build.0 = Release|Any CPU
		{F3C3BFF4-F9E3-719E-9E1B-6B3C26B672F6}.Debug|Any CPU.ActiveCfg = Debug|Any CPU
		{F3C3BFF4-F9E3-719E-9E1B-6B3C26B672F6}.Debug|Any CPU.Build.0 = Debug|Any CPU
		{F3C3BFF4-F9E3-719E-9E1B-6B3C26B672F6}.Release|Any CPU.ActiveCfg = Release|Any CPU
		{F3C3BFF4-F9E3-719E-9E1B-6B3C26B672F6}.Release|Any CPU.Build.0 = Release|Any CPU
		{223BFFD8-09E4-9E29-C943-E7DB649E4D9C}.Debug|Any CPU.ActiveCfg = Debug|Any CPU
		{223BFFD8-09E4-9E29-C943-E7DB649E4D9C}.Debug|Any CPU.Build.0 = Debug|Any CPU
		{223BFFD8-09E4-9E29-C943-E7DB649E4D9C}.Release|Any CPU.ActiveCfg = Release|Any CPU
		{223BFFD8-09E4-9E29-C943-E7DB649E4D9C}.Release|Any CPU.Build.0 = Release|Any CPU
		{BA4F3875-8429-B698-6209-FEAE7154CEC4}.Debug|Any CPU.ActiveCfg = Debug|Any CPU
		{BA4F3875-8429-B698-6209-FEAE7154CEC4}.Debug|Any CPU.Build.0 = Debug|Any CPU
		{BA4F3875-8429-B698-6209-FEAE7154CEC4}.Release|Any CPU.ActiveCfg = Release|Any CPU
		{BA4F3875-8429-B698-6209-FEAE7154CEC4}.Release|Any CPU.Build.0 = Release|Any CPU
	EndGlobalSection
	GlobalSection(SolutionProperties) = preSolution
		HideSolutionNode = FALSE
	EndGlobalSection
	GlobalSection(NestedProjects) = preSolution
		{3A8D2C13-59E5-F3B4-B7F5-9FD53680951E} = {E800BE67-00FE-4C05-9F0F-640DC7134E7D}
		{24AB6A7B-F10C-58C0-FC72-3553289751C2} = {E800BE67-00FE-4C05-9F0F-640DC7134E7D}
		{165FDB5E-6D84-EF4A-3498-F06C8F17D423} = {E800BE67-00FE-4C05-9F0F-640DC7134E7D}
		{16833A1F-69C5-4762-89C9-764E1F6919B9} = {E800BE67-00FE-4C05-9F0F-640DC7134E7D}
		{8957A1B8-AF31-48CC-8408-A7CD6C43A1F0} = {E800BE67-00FE-4C05-9F0F-640DC7134E7D}
		{161B00AF-EEF4-4752-A43C-EA2413734E50} = {E800BE67-00FE-4C05-9F0F-640DC7134E7D}
		{02EA681E-C7D8-13C7-8484-4AC65E1B71E8} = {E800BE67-00FE-4C05-9F0F-640DC7134E7D}
		{F3C3BFF4-F9E3-719E-9E1B-6B3C26B672F6} = {02EA681E-C7D8-13C7-8484-4AC65E1B71E8}
		{223BFFD8-09E4-9E29-C943-E7DB649E4D9C} = {02EA681E-C7D8-13C7-8484-4AC65E1B71E8}
		{BA4F3875-8429-B698-6209-FEAE7154CEC4} = {02EA681E-C7D8-13C7-8484-4AC65E1B71E8}
	EndGlobalSection
	GlobalSection(ExtensibilityGlobals) = postSolution
		SolutionGuid = {E06AFF7F-B75D-4D96-855A-106CD62C336D}
	EndGlobalSection
EndGlobal
