
Microsoft Visual Studio Solution File, Format Version 12.00
# Visual Studio 2013
VisualStudioVersion = 12.0.31101.0
MinimumVisualStudioVersion = 10.0.40219.1
Project("{2150E333-8FDC-42A3-9474-1A3956D46DE8}") = "Core", "Core", "{B408B2F5-AA2B-4766-ABD2-8C898C6595CC}"
EndProject
Project("{FAE04EC0-301F-11D3-BF4B-00C04F79EFBC}") = "Utilities", "Core\Utilities\Utilities.csproj", "{F1B5534A-134C-4FA6-B172-A2F20D8F96ED}"
EndProject
Project("{FAE04EC0-301F-11D3-BF4B-00C04F79EFBC}") = "GLM", "Core\GLM\GLM.csproj", "{425B5714-8C57-48E4-A88A-3CCE10096F7B}"
EndProject
Project("{FAE04EC0-301F-11D3-BF4B-00C04F79EFBC}") = "CSharpGL", "Core\CSharpGL\CSharpGL.csproj", "{0D6E73C8-27B8-4614-9861-F4F22808EA7C}"
EndProject
Project("{FAE04EC0-301F-11D3-BF4B-00C04F79EFBC}") = "CSharpGL.Objects", "Core\CSharpGL.Objects\CSharpGL.Objects.csproj", "{B340C561-2E18-42AF-A52D-E6D9F924293E}"
EndProject
Global
	GlobalSection(SolutionConfigurationPlatforms) = preSolution
		Debug|Any CPU = Debug|Any CPU
		Release|Any CPU = Release|Any CPU
	EndGlobalSection
	GlobalSection(ProjectConfigurationPlatforms) = postSolution
		{F1B5534A-134C-4FA6-B172-A2F20D8F96ED}.Debug|Any CPU.ActiveCfg = Debug|Any CPU
		{F1B5534A-134C-4FA6-B172-A2F20D8F96ED}.Debug|Any CPU.Build.0 = Debug|Any CPU
		{F1B5534A-134C-4FA6-B172-A2F20D8F96ED}.Release|Any CPU.ActiveCfg = Release|Any CPU
		{F1B5534A-134C-4FA6-B172-A2F20D8F96ED}.Release|Any CPU.Build.0 = Release|Any CPU
		{425B5714-8C57-48E4-A88A-3CCE10096F7B}.Debug|Any CPU.ActiveCfg = Debug|Any CPU
		{425B5714-8C57-48E4-A88A-3CCE10096F7B}.Debug|Any CPU.Build.0 = Debug|Any CPU
		{425B5714-8C57-48E4-A88A-3CCE10096F7B}.Release|Any CPU.ActiveCfg = Release|Any CPU
		{425B5714-8C57-48E4-A88A-3CCE10096F7B}.Release|Any CPU.Build.0 = Release|Any CPU
		{0D6E73C8-27B8-4614-9861-F4F22808EA7C}.Debug|Any CPU.ActiveCfg = Debug|Any CPU
		{0D6E73C8-27B8-4614-9861-F4F22808EA7C}.Debug|Any CPU.Build.0 = Debug|Any CPU
		{0D6E73C8-27B8-4614-9861-F4F22808EA7C}.Release|Any CPU.ActiveCfg = Release|Any CPU
		{0D6E73C8-27B8-4614-9861-F4F22808EA7C}.Release|Any CPU.Build.0 = Release|Any CPU
		{B340C561-2E18-42AF-A52D-E6D9F924293E}.Debug|Any CPU.ActiveCfg = Debug|Any CPU
		{B340C561-2E18-42AF-A52D-E6D9F924293E}.Debug|Any CPU.Build.0 = Debug|Any CPU
		{B340C561-2E18-42AF-A52D-E6D9F924293E}.Release|Any CPU.ActiveCfg = Release|Any CPU
		{B340C561-2E18-42AF-A52D-E6D9F924293E}.Release|Any CPU.Build.0 = Release|Any CPU
	EndGlobalSection
	GlobalSection(SolutionProperties) = preSolution
		HideSolutionNode = FALSE
	EndGlobalSection
	GlobalSection(NestedProjects) = preSolution
		{F1B5534A-134C-4FA6-B172-A2F20D8F96ED} = {B408B2F5-AA2B-4766-ABD2-8C898C6595CC}
		{425B5714-8C57-48E4-A88A-3CCE10096F7B} = {B408B2F5-AA2B-4766-ABD2-8C898C6595CC}
		{0D6E73C8-27B8-4614-9861-F4F22808EA7C} = {B408B2F5-AA2B-4766-ABD2-8C898C6595CC}
		{B340C561-2E18-42AF-A52D-E6D9F924293E} = {B408B2F5-AA2B-4766-ABD2-8C898C6595CC}
	EndGlobalSection
EndGlobal
