
Microsoft Visual Studio Solution File, Format Version 12.00
# Visual Studio 2013
VisualStudioVersion = 12.0.30501.0
MinimumVisualStudioVersion = 10.0.40219.1
Project("{2150E333-8FDC-42A3-9474-1A3956D46DE8}") = "Infrastructure", "Infrastructure", "{E800BE67-00FE-4C05-9F0F-640DC7134E7D}"
EndProject
Project("{FAE04EC0-301F-11D3-BF4B-00C04F79EFBC}") = "CSharpGL.TestHelpers", "Infrastructure\CSharpGL.TestHelpers\CSharpGL.TestHelpers.csproj", "{2E22168C-14FB-4B53-BC21-2183A4A40955}"
EndProject
Project("{FAE04EC0-301F-11D3-BF4B-00C04F79EFBC}") = "CSharpGL.CSSLGenetator", "Infrastructure\CSharpGL.CSSLGenetator\CSharpGL.CSSLGenetator.csproj", "{67E7CB72-E44B-4648-BE4B-FE4009BAA3E8}"
EndProject
Project("{FAE04EC0-301F-11D3-BF4B-00C04F79EFBC}") = "CSharpGL.CSSL", "Infrastructure\CSharpGL.CSSL\CSharpGL.CSSL.csproj", "{3B520E1D-AAB3-440A-B112-4B310E7C94DF}"
EndProject
Project("{2150E333-8FDC-42A3-9474-1A3956D46DE8}") = "Demos", "Demos", "{772765C9-9DD4-487B-8FEB-5EAACA9F955B}"
EndProject
Project("{FAE04EC0-301F-11D3-BF4B-00C04F79EFBC}") = "CSharpGL.Demos", "Demos\CSharpGL.Demos\CSharpGL.Demos.csproj", "{0DACF739-1C40-4C52-86F4-159B6B8B6968}"
EndProject
Project("{FAE04EC0-301F-11D3-BF4B-00C04F79EFBC}") = "CSharpGL", "CSharpGL\CSharpGL.csproj", "{115AB8F1-A732-4FAD-8F16-F8C9E4DA02A1}"
EndProject
Project("{FAE04EC0-301F-11D3-BF4B-00C04F79EFBC}") = "CSharpGL.SceneEditor", "Demos\CSharpGL.SceneEditor\CSharpGL.SceneEditor.csproj", "{10C5707A-CFB7-4C2D-871B-2263E720A3F3}"
EndProject
Project("{FAE04EC0-301F-11D3-BF4B-00C04F79EFBC}") = "GridViewer", "Demos\GridViewer\GridViewer.csproj", "{934652B6-6AA4-4042-8FCB-B5F82874B155}"
EndProject
Project("{FAE04EC0-301F-11D3-BF4B-00C04F79EFBC}") = "RendererGenerator", "Infrastructure\RendererGenerator\RendererGenerator.csproj", "{4DD4AB5B-F961-4D91-A981-C2132923E882}"
EndProject
Project("{FAE04EC0-301F-11D3-BF4B-00C04F79EFBC}") = "WebGL.Demo", "Demos\WebGL.Demo\WebGL.Demo.csproj", "{F552A994-CC3D-4551-8FBF-5ABD09408E2A}"
EndProject
Project("{FAE04EC0-301F-11D3-BF4B-00C04F79EFBC}") = "ArmadaTank", "Demos\ArmadaTank\ArmadaTank.csproj", "{B7105A99-F3BA-4154-B453-E664277AE804}"
EndProject
Global
	GlobalSection(SolutionConfigurationPlatforms) = preSolution
		Debug|Any CPU = Debug|Any CPU
		Release|Any CPU = Release|Any CPU
	EndGlobalSection
	GlobalSection(ProjectConfigurationPlatforms) = postSolution
		{2E22168C-14FB-4B53-BC21-2183A4A40955}.Debug|Any CPU.ActiveCfg = Debug|Any CPU
		{2E22168C-14FB-4B53-BC21-2183A4A40955}.Debug|Any CPU.Build.0 = Debug|Any CPU
		{2E22168C-14FB-4B53-BC21-2183A4A40955}.Release|Any CPU.ActiveCfg = Release|Any CPU
		{2E22168C-14FB-4B53-BC21-2183A4A40955}.Release|Any CPU.Build.0 = Release|Any CPU
		{67E7CB72-E44B-4648-BE4B-FE4009BAA3E8}.Debug|Any CPU.ActiveCfg = Debug|Any CPU
		{67E7CB72-E44B-4648-BE4B-FE4009BAA3E8}.Debug|Any CPU.Build.0 = Debug|Any CPU
		{67E7CB72-E44B-4648-BE4B-FE4009BAA3E8}.Release|Any CPU.ActiveCfg = Release|Any CPU
		{67E7CB72-E44B-4648-BE4B-FE4009BAA3E8}.Release|Any CPU.Build.0 = Release|Any CPU
		{3B520E1D-AAB3-440A-B112-4B310E7C94DF}.Debug|Any CPU.ActiveCfg = Debug|Any CPU
		{3B520E1D-AAB3-440A-B112-4B310E7C94DF}.Debug|Any CPU.Build.0 = Debug|Any CPU
		{3B520E1D-AAB3-440A-B112-4B310E7C94DF}.Release|Any CPU.ActiveCfg = Release|Any CPU
		{3B520E1D-AAB3-440A-B112-4B310E7C94DF}.Release|Any CPU.Build.0 = Release|Any CPU
		{0DACF739-1C40-4C52-86F4-159B6B8B6968}.Debug|Any CPU.ActiveCfg = Debug|Any CPU
		{0DACF739-1C40-4C52-86F4-159B6B8B6968}.Debug|Any CPU.Build.0 = Debug|Any CPU
		{0DACF739-1C40-4C52-86F4-159B6B8B6968}.Release|Any CPU.ActiveCfg = Release|Any CPU
		{0DACF739-1C40-4C52-86F4-159B6B8B6968}.Release|Any CPU.Build.0 = Release|Any CPU
		{115AB8F1-A732-4FAD-8F16-F8C9E4DA02A1}.Debug|Any CPU.ActiveCfg = Debug|Any CPU
		{115AB8F1-A732-4FAD-8F16-F8C9E4DA02A1}.Debug|Any CPU.Build.0 = Debug|Any CPU
		{115AB8F1-A732-4FAD-8F16-F8C9E4DA02A1}.Release|Any CPU.ActiveCfg = Release|Any CPU
		{115AB8F1-A732-4FAD-8F16-F8C9E4DA02A1}.Release|Any CPU.Build.0 = Release|Any CPU
		{10C5707A-CFB7-4C2D-871B-2263E720A3F3}.Debug|Any CPU.ActiveCfg = Debug|Any CPU
		{10C5707A-CFB7-4C2D-871B-2263E720A3F3}.Debug|Any CPU.Build.0 = Debug|Any CPU
		{10C5707A-CFB7-4C2D-871B-2263E720A3F3}.Release|Any CPU.ActiveCfg = Release|Any CPU
		{10C5707A-CFB7-4C2D-871B-2263E720A3F3}.Release|Any CPU.Build.0 = Release|Any CPU
		{934652B6-6AA4-4042-8FCB-B5F82874B155}.Debug|Any CPU.ActiveCfg = Debug|Any CPU
		{934652B6-6AA4-4042-8FCB-B5F82874B155}.Debug|Any CPU.Build.0 = Debug|Any CPU
		{934652B6-6AA4-4042-8FCB-B5F82874B155}.Release|Any CPU.ActiveCfg = Release|Any CPU
		{934652B6-6AA4-4042-8FCB-B5F82874B155}.Release|Any CPU.Build.0 = Release|Any CPU
		{4DD4AB5B-F961-4D91-A981-C2132923E882}.Debug|Any CPU.ActiveCfg = Debug|Any CPU
		{4DD4AB5B-F961-4D91-A981-C2132923E882}.Debug|Any CPU.Build.0 = Debug|Any CPU
		{4DD4AB5B-F961-4D91-A981-C2132923E882}.Release|Any CPU.ActiveCfg = Release|Any CPU
		{4DD4AB5B-F961-4D91-A981-C2132923E882}.Release|Any CPU.Build.0 = Release|Any CPU
		{F552A994-CC3D-4551-8FBF-5ABD09408E2A}.Debug|Any CPU.ActiveCfg = Debug|Any CPU
		{F552A994-CC3D-4551-8FBF-5ABD09408E2A}.Debug|Any CPU.Build.0 = Debug|Any CPU
		{F552A994-CC3D-4551-8FBF-5ABD09408E2A}.Release|Any CPU.ActiveCfg = Release|Any CPU
		{F552A994-CC3D-4551-8FBF-5ABD09408E2A}.Release|Any CPU.Build.0 = Release|Any CPU
		{B7105A99-F3BA-4154-B453-E664277AE804}.Debug|Any CPU.ActiveCfg = Debug|Any CPU
		{B7105A99-F3BA-4154-B453-E664277AE804}.Debug|Any CPU.Build.0 = Debug|Any CPU
		{B7105A99-F3BA-4154-B453-E664277AE804}.Release|Any CPU.ActiveCfg = Release|Any CPU
		{B7105A99-F3BA-4154-B453-E664277AE804}.Release|Any CPU.Build.0 = Release|Any CPU
	EndGlobalSection
	GlobalSection(SolutionProperties) = preSolution
		HideSolutionNode = FALSE
	EndGlobalSection
	GlobalSection(NestedProjects) = preSolution
		{2E22168C-14FB-4B53-BC21-2183A4A40955} = {E800BE67-00FE-4C05-9F0F-640DC7134E7D}
		{67E7CB72-E44B-4648-BE4B-FE4009BAA3E8} = {E800BE67-00FE-4C05-9F0F-640DC7134E7D}
		{3B520E1D-AAB3-440A-B112-4B310E7C94DF} = {E800BE67-00FE-4C05-9F0F-640DC7134E7D}
		{0DACF739-1C40-4C52-86F4-159B6B8B6968} = {772765C9-9DD4-487B-8FEB-5EAACA9F955B}
		{10C5707A-CFB7-4C2D-871B-2263E720A3F3} = {772765C9-9DD4-487B-8FEB-5EAACA9F955B}
		{934652B6-6AA4-4042-8FCB-B5F82874B155} = {772765C9-9DD4-487B-8FEB-5EAACA9F955B}
		{4DD4AB5B-F961-4D91-A981-C2132923E882} = {E800BE67-00FE-4C05-9F0F-640DC7134E7D}
		{F552A994-CC3D-4551-8FBF-5ABD09408E2A} = {772765C9-9DD4-487B-8FEB-5EAACA9F955B}
		{B7105A99-F3BA-4154-B453-E664277AE804} = {772765C9-9DD4-487B-8FEB-5EAACA9F955B}
	EndGlobalSection
EndGlobal
