
Microsoft Visual Studio Solution File, Format Version 12.00
# Visual Studio 2013
VisualStudioVersion = 12.0.30501.0
MinimumVisualStudioVersion = 10.0.40219.1
Project("{FAE04EC0-301F-11D3-BF4B-00C04F79EFBC}") = "ClearLogs", "Tools\ClearLogs\ClearLogs.csproj", "{5603716F-B8A9-4E2A-8B64-4B44D2E27013}"
EndProject
Project("{FAE04EC0-301F-11D3-BF4B-00C04F79EFBC}") = "BinaryComparer", "Tools\BinaryComparer\BinaryComparer.csproj", "{5DECD1EA-BCAD-439F-9C26-261D0662E591}"
EndProject
Project("{FAE04EC0-301F-11D3-BF4B-00C04F79EFBC}") = "BitmapComparer", "Tools\BitmapComparer\BitmapComparer.csproj", "{666B35CE-7E2A-41A0-B0F4-1058CA1327DA}"
EndProject
Global
	GlobalSection(SolutionConfigurationPlatforms) = preSolution
		Debug|Any CPU = Debug|Any CPU
		Release|Any CPU = Release|Any CPU
	EndGlobalSection
	GlobalSection(ProjectConfigurationPlatforms) = postSolution
		{5603716F-B8A9-4E2A-8B64-4B44D2E27013}.Debug|Any CPU.ActiveCfg = Debug|Any CPU
		{5603716F-B8A9-4E2A-8B64-4B44D2E27013}.Debug|Any CPU.Build.0 = Debug|Any CPU
		{5603716F-B8A9-4E2A-8B64-4B44D2E27013}.Release|Any CPU.ActiveCfg = Release|Any CPU
		{5603716F-B8A9-4E2A-8B64-4B44D2E27013}.Release|Any CPU.Build.0 = Release|Any CPU
		{5DECD1EA-BCAD-439F-9C26-261D0662E591}.Debug|Any CPU.ActiveCfg = Debug|Any CPU
		{5DECD1EA-BCAD-439F-9C26-261D0662E591}.Debug|Any CPU.Build.0 = Debug|Any CPU
		{5DECD1EA-BCAD-439F-9C26-261D0662E591}.Release|Any CPU.ActiveCfg = Release|Any CPU
		{5DECD1EA-BCAD-439F-9C26-261D0662E591}.Release|Any CPU.Build.0 = Release|Any CPU
		{666B35CE-7E2A-41A0-B0F4-1058CA1327DA}.Debug|Any CPU.ActiveCfg = Debug|Any CPU
		{666B35CE-7E2A-41A0-B0F4-1058CA1327DA}.Debug|Any CPU.Build.0 = Debug|Any CPU
		{666B35CE-7E2A-41A0-B0F4-1058CA1327DA}.Release|Any CPU.ActiveCfg = Release|Any CPU
		{666B35CE-7E2A-41A0-B0F4-1058CA1327DA}.Release|Any CPU.Build.0 = Release|Any CPU
	EndGlobalSection
	GlobalSection(SolutionProperties) = preSolution
		HideSolutionNode = FALSE
	EndGlobalSection
EndGlobal
